# THIS IS AN AUTOGENERATED FILE. DO NOT EDIT THIS FILE DIRECTLY.
# yarn lockfile v1


"@apollographql/apollo-tools@^0.3.6-alpha.1":
  version "0.3.7"
  resolved "https://registry.npmjs.org/@apollographql/apollo-tools/-/apollo-tools-0.3.7.tgz#3bc9c35b9fff65febd4ddc0c1fc04677693a3d40"
  dependencies:
    apollo-env "0.5.1"

"@apollographql/graphql-playground-html@^1.6.6":
  version "1.6.18"
  resolved "https://registry.npmjs.org/@apollographql/graphql-playground-html/-/graphql-playground-html-1.6.18.tgz#c0763b4b5a64d4a5316ae6adc2a3a61af58df402"

"@protobufjs/aspromise@^1.1.1", "@protobufjs/aspromise@^1.1.2":
  version "1.1.2"
  resolved "https://registry.npmjs.org/@protobufjs/aspromise/-/aspromise-1.1.2.tgz#9b8b0cc663d669a7d8f6f5d0893a14d348f30fbf"

"@protobufjs/base64@^1.1.2":
  version "1.1.2"
  resolved "https://registry.npmjs.org/@protobufjs/base64/-/base64-1.1.2.tgz#4c85730e59b9a1f1f349047dbf24296034bb2735"

"@protobufjs/codegen@^2.0.4":
  version "2.0.4"
  resolved "https://registry.npmjs.org/@protobufjs/codegen/-/codegen-2.0.4.tgz#7ef37f0d010fb028ad1ad59722e506d9262815cb"

"@protobufjs/eventemitter@^1.1.0":
  version "1.1.0"
  resolved "https://registry.npmjs.org/@protobufjs/eventemitter/-/eventemitter-1.1.0.tgz#355cbc98bafad5978f9ed095f397621f1d066b70"

"@protobufjs/fetch@^1.1.0":
  version "1.1.0"
  resolved "https://registry.npmjs.org/@protobufjs/fetch/-/fetch-1.1.0.tgz#ba99fb598614af65700c1619ff06d454b0d84c45"
  dependencies:
    "@protobufjs/aspromise" "^1.1.1"
    "@protobufjs/inquire" "^1.1.0"

"@protobufjs/float@^1.0.2":
  version "1.0.2"
  resolved "https://registry.npmjs.org/@protobufjs/float/-/float-1.0.2.tgz#5e9e1abdcb73fc0a7cb8b291df78c8cbd97b87d1"

"@protobufjs/inquire@^1.1.0":
  version "1.1.0"
  resolved "https://registry.npmjs.org/@protobufjs/inquire/-/inquire-1.1.0.tgz#ff200e3e7cf2429e2dcafc1140828e8cc638f089"

"@protobufjs/path@^1.1.2":
  version "1.1.2"
  resolved "https://registry.npmjs.org/@protobufjs/path/-/path-1.1.2.tgz#6cc2b20c5c9ad6ad0dccfd21ca7673d8d7fbf68d"

"@protobufjs/pool@^1.1.0":
  version "1.1.0"
  resolved "https://registry.npmjs.org/@protobufjs/pool/-/pool-1.1.0.tgz#09fd15f2d6d3abfa9b65bc366506d6ad7846ff54"

"@protobufjs/utf8@^1.1.0":
  version "1.1.0"
  resolved "https://registry.npmjs.org/@protobufjs/utf8/-/utf8-1.1.0.tgz#a777360b5b39a1a2e5106f8e858f2fd2d060c570"

"@types/accepts@^1.3.5":
  version "1.3.5"
  resolved "https://registry.npmjs.org/@types/accepts/-/accepts-1.3.5.tgz#c34bec115cfc746e04fe5a059df4ce7e7b391575"
  dependencies:
    "@types/node" "*"

"@types/body-parser@*", "@types/body-parser@1.17.0":
  version "1.17.0"
  resolved "https://registry.npmjs.org/@types/body-parser/-/body-parser-1.17.0.tgz#9f5c9d9bd04bb54be32d5eb9fc0d8c974e6cf58c"
  dependencies:
    "@types/connect" "*"
    "@types/node" "*"

"@types/connect@*":
  version "3.4.32"
  resolved "https://registry.npmjs.org/@types/connect/-/connect-3.4.32.tgz#aa0e9616b9435ccad02bc52b5b454ffc2c70ba28"
  dependencies:
    "@types/node" "*"

"@types/cors@^2.8.4":
  version "2.8.5"
  resolved "https://registry.npmjs.org/@types/cors/-/cors-2.8.5.tgz#c0c54c4e643e1d943d447292f2baf9dc82cfc8ec"
  dependencies:
    "@types/express" "*"

"@types/events@*":
  version "3.0.0"
  resolved "https://registry.npmjs.org/@types/events/-/events-3.0.0.tgz#2862f3f58a9a7f7c3e78d79f130dd4d71c25c2a7"

"@types/express-serve-static-core@*":
  version "4.16.5"
  resolved "https://registry.npmjs.org/@types/express-serve-static-core/-/express-serve-static-core-4.16.5.tgz#0e473cceae141c43320759b7ff4af0d4428b9cdd"
  dependencies:
    "@types/node" "*"
    "@types/range-parser" "*"

"@types/express@*", "@types/express@4.16.1":
  version "4.16.1"
  resolved "https://registry.npmjs.org/@types/express/-/express-4.16.1.tgz#d756bd1a85c34d87eaf44c888bad27ba8a4b7cf0"
  dependencies:
    "@types/body-parser" "*"
    "@types/express-serve-static-core" "*"
    "@types/serve-static" "*"

"@types/glob@^7.1.1":
  version "7.1.1"
  resolved "https://registry.npmjs.org/@types/glob/-/glob-7.1.1.tgz#aa59a1c6e3fbc421e07ccd31a944c30eba521575"
  dependencies:
    "@types/events" "*"
    "@types/minimatch" "*"
    "@types/node" "*"

"@types/long@^4.0.0":
  version "4.0.0"
  resolved "https://registry.npmjs.org/@types/long/-/long-4.0.0.tgz#719551d2352d301ac8b81db732acb6bdc28dbdef"

"@types/mime@*":
  version "2.0.1"
  resolved "https://registry.npmjs.org/@types/mime/-/mime-2.0.1.tgz#dc488842312a7f075149312905b5e3c0b054c79d"

"@types/minimatch@*":
  version "3.0.3"
  resolved "https://registry.npmjs.org/@types/minimatch/-/minimatch-3.0.3.tgz#3dca0e3f33b200fc7d1139c0cd96c1268cadfd9d"

"@types/node@*":
  version "12.0.2"
  resolved "https://registry.npmjs.org/@types/node/-/node-12.0.2.tgz#3452a24edf9fea138b48fad4a0a028a683da1e40"

"@types/node@^10.1.0":
  version "10.14.7"
  resolved "https://registry.npmjs.org/@types/node/-/node-10.14.7.tgz#1854f0a9aa8d2cd6818d607b3d091346c6730362"

"@types/node@^11.13.7":
  version "11.13.11"
  resolved "https://registry.npmjs.org/@types/node/-/node-11.13.11.tgz#65766752cbbe198ff353ea861a23b6484cf33df4"

"@types/range-parser@*":
  version "1.2.3"
  resolved "https://registry.npmjs.org/@types/range-parser/-/range-parser-1.2.3.tgz#7ee330ba7caafb98090bece86a5ee44115904c2c"

"@types/semver@^6.0.0":
  version "6.0.0"
  resolved "https://registry.npmjs.org/@types/semver/-/semver-6.0.0.tgz#86ba89f02a414e39c68d02b351872e4ed31bd773"

"@types/serve-static@*":
  version "1.13.2"
  resolved "https://registry.npmjs.org/@types/serve-static/-/serve-static-1.13.2.tgz#f5ac4d7a6420a99a6a45af4719f4dcd8cd907a48"
  dependencies:
    "@types/express-serve-static-core" "*"
    "@types/mime" "*"

"@types/ws@^6.0.0":
  version "6.0.1"
  resolved "https://registry.npmjs.org/@types/ws/-/ws-6.0.1.tgz#ca7a3f3756aa12f62a0a62145ed14c6db25d5a28"
  dependencies:
    "@types/events" "*"
    "@types/node" "*"

accepts@^1.3.5, accepts@~1.3.7:
  version "1.3.7"
  resolved "https://registry.npmjs.org/accepts/-/accepts-1.3.7.tgz#531bc726517a3b2b41f850021c6cc15eaab507cd"
  dependencies:
    mime-types "~2.1.24"
    negotiator "0.6.2"

apollo-cache-control@0.6.0:
  version "0.6.0"
  resolved "https://registry.npmjs.org/apollo-cache-control/-/apollo-cache-control-0.6.0.tgz#df22db28f850ea90a5722f5e92654d30c96e7f91"
  dependencies:
    apollo-server-env "2.3.0"
    graphql-extensions "0.6.0"

apollo-datasource@0.4.0:
  version "0.4.0"
  resolved "https://registry.npmjs.org/apollo-datasource/-/apollo-datasource-0.4.0.tgz#f042641fd2593fa5f4f002fc30d1fb1a20284df8"
  dependencies:
    apollo-server-caching "0.4.0"
    apollo-server-env "2.3.0"

apollo-engine-reporting-protobuf@0.3.0:
  version "0.3.0"
  resolved "https://registry.npmjs.org/apollo-engine-reporting-protobuf/-/apollo-engine-reporting-protobuf-0.3.0.tgz#2c764c054ff9968387cf16115546e0d5b04ee9f1"
  dependencies:
    protobufjs "^6.8.6"

apollo-engine-reporting@1.1.0:
  version "1.1.0"
  resolved "https://registry.npmjs.org/apollo-engine-reporting/-/apollo-engine-reporting-1.1.0.tgz#10def3d3bf3f11ddb24765c19d9c81e30cb9d55c"
  dependencies:
    apollo-engine-reporting-protobuf "0.3.0"
    apollo-graphql "^0.2.1-alpha.1"
    apollo-server-core "2.5.0"
    apollo-server-env "2.3.0"
    async-retry "^1.2.1"
    graphql-extensions "0.6.0"

apollo-env@0.4.1-register.1:
  version "0.4.1-register.1"
  resolved "https://registry.npmjs.org/apollo-env/-/apollo-env-0.4.1-register.1.tgz#e8c94e21a5b3f9c45088dec47862dfe2026111c2"
  dependencies:
    core-js "3.0.0-beta.13"
    node-fetch "^2.2.0"
    sha.js "^2.4.11"

apollo-env@0.5.1:
  version "0.5.1"
  resolved "https://registry.npmjs.org/apollo-env/-/apollo-env-0.5.1.tgz#b9b0195c16feadf0fe9fd5563edb0b9b7d9e97d3"
  dependencies:
    core-js "^3.0.1"
    node-fetch "^2.2.0"
    sha.js "^2.4.11"

apollo-graphql@^0.2.1-alpha.1:
  version "0.2.1-register.1"
  resolved "https://registry.npmjs.org/apollo-graphql/-/apollo-graphql-0.2.1-register.1.tgz#941dd165a9428c2ea3407ab410f842c4050cea28"
  dependencies:
    apollo-env "0.4.1-register.1"
    lodash.sortby "^4.7.0"

apollo-link@^1.2.3:
  version "1.2.11"
  resolved "https://registry.npmjs.org/apollo-link/-/apollo-link-1.2.11.tgz#493293b747ad3237114ccd22e9f559e5e24a194d"
  dependencies:
    apollo-utilities "^1.2.1"
    ts-invariant "^0.3.2"
    tslib "^1.9.3"
    zen-observable-ts "^0.8.18"

apollo-server-caching@0.4.0:
  version "0.4.0"
  resolved "https://registry.npmjs.org/apollo-server-caching/-/apollo-server-caching-0.4.0.tgz#e82917590d723c0adc1fa52900e79e93ad65e4d9"
  dependencies:
    lru-cache "^5.0.0"

apollo-server-core@2.5.0:
  version "2.5.0"
  resolved "https://registry.npmjs.org/apollo-server-core/-/apollo-server-core-2.5.0.tgz#89fc28ba1018ebf9240bc3cc0c103fe705309023"
  dependencies:
    "@apollographql/apollo-tools" "^0.3.6-alpha.1"
    "@apollographql/graphql-playground-html" "^1.6.6"
    "@types/ws" "^6.0.0"
    apollo-cache-control "0.6.0"
    apollo-datasource "0.4.0"
    apollo-engine-reporting "1.1.0"
    apollo-server-caching "0.4.0"
    apollo-server-env "2.3.0"
    apollo-server-errors "2.3.0"
    apollo-server-plugin-base "0.4.0"
    apollo-tracing "0.6.0"
    fast-json-stable-stringify "^2.0.0"
    graphql-extensions "0.6.0"
    graphql-subscriptions "^1.0.0"
    graphql-tag "^2.9.2"
    graphql-tools "^4.0.0"
    graphql-upload "^8.0.2"
    sha.js "^2.4.11"
    subscriptions-transport-ws "^0.9.11"
    ws "^6.0.0"

apollo-server-env@2.3.0:
  version "2.3.0"
  resolved "https://registry.npmjs.org/apollo-server-env/-/apollo-server-env-2.3.0.tgz#f0bf4484a6cc331a8c13763ded56e91beb16ba17"
  dependencies:
    node-fetch "^2.1.2"
    util.promisify "^1.0.0"

apollo-server-errors@2.3.0:
  version "2.3.0"
  resolved "https://registry.npmjs.org/apollo-server-errors/-/apollo-server-errors-2.3.0.tgz#700622b66a16dffcad3b017e4796749814edc061"

apollo-server-express@^2.5.0:
  version "2.5.0"
  resolved "https://registry.npmjs.org/apollo-server-express/-/apollo-server-express-2.5.0.tgz#ff6cbd3fcb8933f6316c5a5edd4db12d9a56fa65"
  dependencies:
    "@apollographql/graphql-playground-html" "^1.6.6"
    "@types/accepts" "^1.3.5"
    "@types/body-parser" "1.17.0"
    "@types/cors" "^2.8.4"
    "@types/express" "4.16.1"
    accepts "^1.3.5"
    apollo-server-core "2.5.0"
    body-parser "^1.18.3"
    cors "^2.8.4"
    graphql-subscriptions "^1.0.0"
    graphql-tools "^4.0.0"
    type-is "^1.6.16"

apollo-server-plugin-base@0.4.0:
  version "0.4.0"
  resolved "https://registry.npmjs.org/apollo-server-plugin-base/-/apollo-server-plugin-base-0.4.0.tgz#38a3c37767043873dd1b07143d4e70eecbb09562"

apollo-tracing@0.6.0:
  version "0.6.0"
  resolved "https://registry.npmjs.org/apollo-tracing/-/apollo-tracing-0.6.0.tgz#afc2b9cbea173dc4c315a5d98053797469518083"
  dependencies:
    apollo-server-env "2.3.0"
    graphql-extensions "0.6.0"

apollo-utilities@^1.0.1, apollo-utilities@^1.2.1:
  version "1.3.0"
  resolved "https://registry.npmjs.org/apollo-utilities/-/apollo-utilities-1.3.0.tgz#9803724c07ac94ca11dc26397edb58735d2b0211"
  dependencies:
    fast-json-stable-stringify "^2.0.0"
    ts-invariant "^0.4.0"
    tslib "^1.9.3"

arg@^4.1.0:
  version "4.1.0"
  resolved "https://registry.npmjs.org/arg/-/arg-4.1.0.tgz#583c518199419e0037abb74062c37f8519e575f0"

array-flatten@1.1.1:
  version "1.1.1"
  resolved "https://registry.npmjs.org/array-flatten/-/array-flatten-1.1.1.tgz#9a5f699051b1e7073328f2a008968b64ea2955d2"

async-limiter@~1.0.0:
  version "1.0.0"
  resolved "https://registry.npmjs.org/async-limiter/-/async-limiter-1.0.0.tgz#78faed8c3d074ab81f22b4e985d79e8738f720f8"

async-retry@^1.2.1:
  version "1.2.3"
  resolved "https://registry.npmjs.org/async-retry/-/async-retry-1.2.3.tgz#a6521f338358d322b1a0012b79030c6f411d1ce0"
  dependencies:
    retry "0.12.0"

backo2@^1.0.2:
  version "1.0.2"
  resolved "https://registry.npmjs.org/backo2/-/backo2-1.0.2.tgz#31ab1ac8b129363463e35b3ebb69f4dfcfba7947"

balanced-match@^1.0.0:
  version "1.0.0"
  resolved "https://registry.npmjs.org/balanced-match/-/balanced-match-1.0.0.tgz#89b4d199ab2bee49de164ea02b89ce462d71b767"

body-parser@1.19.0, body-parser@^1.18.3:
  version "1.19.0"
  resolved "https://registry.npmjs.org/body-parser/-/body-parser-1.19.0.tgz#96b2709e57c9c4e09a6fd66a8fd979844f69f08a"
  dependencies:
    bytes "3.1.0"
    content-type "~1.0.4"
    debug "2.6.9"
    depd "~1.1.2"
    http-errors "1.7.2"
    iconv-lite "0.4.24"
    on-finished "~2.3.0"
    qs "6.7.0"
    raw-body "2.4.0"
    type-is "~1.6.17"

brace-expansion@^1.1.7:
  version "1.1.11"
  resolved "https://registry.npmjs.org/brace-expansion/-/brace-expansion-1.1.11.tgz#3c7fcbf529d87226f3d2f52b966ff5271eb441dd"
  dependencies:
    balanced-match "^1.0.0"
    concat-map "0.0.1"

buffer-from@^1.0.0:
  version "1.1.1"
  resolved "https://registry.npmjs.org/buffer-from/-/buffer-from-1.1.1.tgz#32713bc028f75c02fdb710d7c7bcec1f2c6070ef"

busboy@^0.3.1:
  version "0.3.1"
  resolved "https://registry.npmjs.org/busboy/-/busboy-0.3.1.tgz#170899274c5bf38aae27d5c62b71268cd585fd1b"
  dependencies:
    dicer "0.3.0"

bytes@3.1.0:
  version "3.1.0"
  resolved "https://registry.npmjs.org/bytes/-/bytes-3.1.0.tgz#f6cf7933a360e0588fa9fde85651cdc7f805d1f6"

class-validator@>=0.9.1:
  version "0.9.1"
  resolved "https://registry.npmjs.org/class-validator/-/class-validator-0.9.1.tgz#d60e58c5d14abca0a41bce38cf792ad4c46d1531"
  dependencies:
    google-libphonenumber "^3.1.6"
    validator "10.4.0"

concat-map@0.0.1:
  version "0.0.1"
  resolved "https://registry.npmjs.org/concat-map/-/concat-map-0.0.1.tgz#d8a96bd77fd68df7793a73036a3ba0d5405d477b"

content-disposition@0.5.3:
  version "0.5.3"
  resolved "https://registry.npmjs.org/content-disposition/-/content-disposition-0.5.3.tgz#e130caf7e7279087c5616c2007d0485698984fbd"
  dependencies:
    safe-buffer "5.1.2"

content-type@~1.0.4:
  version "1.0.4"
  resolved "https://registry.npmjs.org/content-type/-/content-type-1.0.4.tgz#e138cc75e040c727b1966fe5e5f8c9aee256fe3b"

cookie-signature@1.0.6:
  version "1.0.6"
  resolved "https://registry.npmjs.org/cookie-signature/-/cookie-signature-1.0.6.tgz#e303a882b342cc3ee8ca513a79999734dab3ae2c"

cookie@0.4.0:
  version "0.4.0"
  resolved "https://registry.npmjs.org/cookie/-/cookie-0.4.0.tgz#beb437e7022b3b6d49019d088665303ebe9c14ba"

core-js@3.0.0-beta.13:
  version "3.0.0-beta.13"
  resolved "https://registry.npmjs.org/core-js/-/core-js-3.0.0-beta.13.tgz#7732c69be5e4758887917235fe7c0352c4cb42a1"

core-js@^3.0.1:
  version "3.1.2"
  resolved "https://registry.npmjs.org/core-js/-/core-js-3.1.2.tgz#2549a2cfb3ca1a5d851c9f7838e8b282cef2f3ba"

cors@^2.8.4:
  version "2.8.5"
  resolved "https://registry.npmjs.org/cors/-/cors-2.8.5.tgz#eac11da51592dd86b9f06f6e7ac293b3df875d29"
  dependencies:
    object-assign "^4"
    vary "^1"

debug@2.6.9:
  version "2.6.9"
  resolved "https://registry.npmjs.org/debug/-/debug-2.6.9.tgz#5d128515df134ff327e90a4c93f4e077a536341f"
  dependencies:
    ms "2.0.0"

define-properties@^1.1.2:
  version "1.1.3"
  resolved "https://registry.npmjs.org/define-properties/-/define-properties-1.1.3.tgz#cf88da6cbee26fe6db7094f61d870cbd84cee9f1"
  dependencies:
    object-keys "^1.0.12"

depd@~1.1.2:
  version "1.1.2"
  resolved "https://registry.npmjs.org/depd/-/depd-1.1.2.tgz#9bcd52e14c097763e749b274c4346ed2e560b5a9"

deprecated-decorator@^0.1.6:
  version "0.1.6"
  resolved "https://registry.npmjs.org/deprecated-decorator/-/deprecated-decorator-0.1.6.tgz#00966317b7a12fe92f3cc831f7583af329b86c37"

destroy@~1.0.4:
  version "1.0.4"
  resolved "https://registry.npmjs.org/destroy/-/destroy-1.0.4.tgz#978857442c44749e4206613e37946205826abd80"

dicer@0.3.0:
  version "0.3.0"
  resolved "https://registry.npmjs.org/dicer/-/dicer-0.3.0.tgz#eacd98b3bfbf92e8ab5c2fdb71aaac44bb06b872"
  dependencies:
    streamsearch "0.1.2"

diff@^3.1.0:
  version "3.5.0"
  resolved "https://registry.npmjs.org/diff/-/diff-3.5.0.tgz#800c0dd1e0a8bfbc95835c202ad220fe317e5a12"

ee-first@1.1.1:
  version "1.1.1"
  resolved "https://registry.npmjs.org/ee-first/-/ee-first-1.1.1.tgz#590c61156b0ae2f4f0255732a158b266bc56b21d"

encodeurl@~1.0.2:
  version "1.0.2"
  resolved "https://registry.npmjs.org/encodeurl/-/encodeurl-1.0.2.tgz#ad3ff4c86ec2d029322f5a02c3a9a606c95b3f59"

es-abstract@^1.5.1:
  version "1.13.0"
  resolved "https://registry.npmjs.org/es-abstract/-/es-abstract-1.13.0.tgz#ac86145fdd5099d8dd49558ccba2eaf9b88e24e9"
  dependencies:
    es-to-primitive "^1.2.0"
    function-bind "^1.1.1"
    has "^1.0.3"
    is-callable "^1.1.4"
    is-regex "^1.0.4"
    object-keys "^1.0.12"

es-to-primitive@^1.2.0:
  version "1.2.0"
  resolved "https://registry.npmjs.org/es-to-primitive/-/es-to-primitive-1.2.0.tgz#edf72478033456e8dda8ef09e00ad9650707f377"
  dependencies:
    is-callable "^1.1.4"
    is-date-object "^1.0.1"
    is-symbol "^1.0.2"

escape-html@~1.0.3:
  version "1.0.3"
  resolved "https://registry.npmjs.org/escape-html/-/escape-html-1.0.3.tgz#0258eae4d3d0c0974de1c169188ef0051d1d1988"

etag@~1.8.1:
  version "1.8.1"
  resolved "https://registry.npmjs.org/etag/-/etag-1.8.1.tgz#41ae2eeb65efa62268aebfea83ac7d79299b0887"

eventemitter3@^3.1.0:
  version "3.1.2"
  resolved "https://registry.npmjs.org/eventemitter3/-/eventemitter3-3.1.2.tgz#2d3d48f9c346698fce83a85d7d664e98535df6e7"

express@^4.17.0:
  version "4.17.0"
  resolved "https://registry.npmjs.org/express/-/express-4.17.0.tgz#288af62228a73f4c8ea2990ba3b791bb87cd4438"
  dependencies:
    accepts "~1.3.7"
    array-flatten "1.1.1"
    body-parser "1.19.0"
    content-disposition "0.5.3"
    content-type "~1.0.4"
    cookie "0.4.0"
    cookie-signature "1.0.6"
    debug "2.6.9"
    depd "~1.1.2"
    encodeurl "~1.0.2"
    escape-html "~1.0.3"
    etag "~1.8.1"
    finalhandler "~1.1.2"
    fresh "0.5.2"
    merge-descriptors "1.0.1"
    methods "~1.1.2"
    on-finished "~2.3.0"
    parseurl "~1.3.3"
    path-to-regexp "0.1.7"
    proxy-addr "~2.0.5"
    qs "6.7.0"
    range-parser "~1.2.1"
    safe-buffer "5.1.2"
    send "0.17.1"
    serve-static "1.14.1"
    setprototypeof "1.1.1"
    statuses "~1.5.0"
    type-is "~1.6.18"
    utils-merge "1.0.1"
    vary "~1.1.2"

fast-json-stable-stringify@^2.0.0:
  version "2.0.0"
  resolved "https://registry.npmjs.org/fast-json-stable-stringify/-/fast-json-stable-stringify-2.0.0.tgz#d5142c0caee6b1189f87d3a76111064f86c8bbf2"

finalhandler@~1.1.2:
  version "1.1.2"
  resolved "https://registry.npmjs.org/finalhandler/-/finalhandler-1.1.2.tgz#b7e7d000ffd11938d0fdb053506f6ebabe9f587d"
  dependencies:
    debug "2.6.9"
    encodeurl "~1.0.2"
    escape-html "~1.0.3"
    on-finished "~2.3.0"
    parseurl "~1.3.3"
    statuses "~1.5.0"
    unpipe "~1.0.0"

forwarded@~0.1.2:
  version "0.1.2"
  resolved "https://registry.npmjs.org/forwarded/-/forwarded-0.1.2.tgz#98c23dab1175657b8c0573e8ceccd91b0ff18c84"

fresh@0.5.2:
  version "0.5.2"
  resolved "https://registry.npmjs.org/fresh/-/fresh-0.5.2.tgz#3d8cadd90d976569fa835ab1f8e4b23a105605a7"

fs-capacitor@^2.0.1:
  version "2.0.4"
  resolved "https://registry.npmjs.org/fs-capacitor/-/fs-capacitor-2.0.4.tgz#5a22e72d40ae5078b4fe64fe4d08c0d3fc88ad3c"

fs.realpath@^1.0.0:
  version "1.0.0"
  resolved "https://registry.npmjs.org/fs.realpath/-/fs.realpath-1.0.0.tgz#1504ad2523158caa40db4a2787cb01411994ea4f"

function-bind@^1.1.1:
  version "1.1.1"
  resolved "https://registry.npmjs.org/function-bind/-/function-bind-1.1.1.tgz#a56899d3ea3c9bab874bb9773b7c5ede92f4895d"

glob@^7.1.3:
  version "7.1.4"
  resolved "https://registry.npmjs.org/glob/-/glob-7.1.4.tgz#aa608a2f6c577ad357e1ae5a5c26d9a8d1969255"
  dependencies:
    fs.realpath "^1.0.0"
    inflight "^1.0.4"
    inherits "2"
    minimatch "^3.0.4"
    once "^1.3.0"
    path-is-absolute "^1.0.0"

google-libphonenumber@^3.1.6:
  version "3.2.2"
  resolved "https://registry.npmjs.org/google-libphonenumber/-/google-libphonenumber-3.2.2.tgz#3d9d7ba727e99a50812f21b0ed313723b76c5c54"

graphql-extensions@0.6.0:
  version "0.6.0"
  resolved "https://registry.npmjs.org/graphql-extensions/-/graphql-extensions-0.6.0.tgz#3ee3aa57fe213f90aec5cd31275f6d04767c6a23"
  dependencies:
    "@apollographql/apollo-tools" "^0.3.6-alpha.1"

graphql-query-complexity@^0.2.3:
  version "0.2.3"
  resolved "https://registry.npmjs.org/graphql-query-complexity/-/graphql-query-complexity-0.2.3.tgz#ca26790fd5d22cb3d4ca8f43d19605929d8cf27f"
  dependencies:
    lodash.get "^4.4.2"

graphql-subscriptions@^1.0.0, graphql-subscriptions@^1.1.0:
  version "1.1.0"
  resolved "https://registry.npmjs.org/graphql-subscriptions/-/graphql-subscriptions-1.1.0.tgz#5f2fa4233eda44cf7570526adfcf3c16937aef11"
  dependencies:
    iterall "^1.2.1"

graphql-tag@^2.9.2:
  version "2.10.1"
  resolved "https://registry.npmjs.org/graphql-tag/-/graphql-tag-2.10.1.tgz#10aa41f1cd8fae5373eaf11f1f67260a3cad5e02"

graphql-tools@^4.0.0:
  version "4.0.4"
  resolved "https://registry.npmjs.org/graphql-tools/-/graphql-tools-4.0.4.tgz#ca08a63454221fdde825fe45fbd315eb2a6d566b"
  dependencies:
    apollo-link "^1.2.3"
    apollo-utilities "^1.0.1"
    deprecated-decorator "^0.1.6"
    iterall "^1.1.3"
    uuid "^3.1.0"

graphql-upload@^8.0.2:
  version "8.0.6"
  resolved "https://registry.npmjs.org/graphql-upload/-/graphql-upload-8.0.6.tgz#90fb6246962d953b64d9ddabd6472d8e8b116ee0"
  dependencies:
    busboy "^0.3.1"
    fs-capacitor "^2.0.1"
    http-errors "^1.7.2"
    object-path "^0.11.4"

graphql@^14.3.1:
  version "14.3.1"
  resolved "https://registry.npmjs.org/graphql/-/graphql-14.3.1.tgz#b3aa50e61a841ada3c1f9ccda101c483f8e8c807"
  dependencies:
    iterall "^1.2.2"

has-symbols@^1.0.0:
  version "1.0.0"
  resolved "https://registry.npmjs.org/has-symbols/-/has-symbols-1.0.0.tgz#ba1a8f1af2a0fc39650f5c850367704122063b44"

has@^1.0.1, has@^1.0.3:
  version "1.0.3"
  resolved "https://registry.npmjs.org/has/-/has-1.0.3.tgz#722d7cbfc1f6aa8241f16dd814e011e1f41e8796"
  dependencies:
    function-bind "^1.1.1"

http-errors@1.7.2, http-errors@^1.7.2, http-errors@~1.7.2:
  version "1.7.2"
  resolved "https://registry.npmjs.org/http-errors/-/http-errors-1.7.2.tgz#4f5029cf13239f31036e5b2e55292bcfbcc85c8f"
  dependencies:
    depd "~1.1.2"
    inherits "2.0.3"
    setprototypeof "1.1.1"
    statuses ">= 1.5.0 < 2"
    toidentifier "1.0.0"

iconv-lite@0.4.24:
  version "0.4.24"
  resolved "https://registry.npmjs.org/iconv-lite/-/iconv-lite-0.4.24.tgz#2022b4b25fbddc21d2f524974a474aafe733908b"
  dependencies:
    safer-buffer ">= 2.1.2 < 3"

inflight@^1.0.4:
  version "1.0.6"
  resolved "https://registry.npmjs.org/inflight/-/inflight-1.0.6.tgz#49bd6331d7d02d0c09bc910a1075ba8165b56df9"
  dependencies:
    once "^1.3.0"
    wrappy "1"

inherits@2, inherits@2.0.3, inherits@^2.0.1:
  version "2.0.3"
  resolved "https://registry.npmjs.org/inherits/-/inherits-2.0.3.tgz#633c2c83e3da42a502f52466022480f4208261de"

ipaddr.js@1.9.0:
  version "1.9.0"
  resolved "https://registry.npmjs.org/ipaddr.js/-/ipaddr.js-1.9.0.tgz#37df74e430a0e47550fe54a2defe30d8acd95f65"

is-callable@^1.1.4:
  version "1.1.4"
  resolved "https://registry.npmjs.org/is-callable/-/is-callable-1.1.4.tgz#1e1adf219e1eeb684d691f9d6a05ff0d30a24d75"

is-date-object@^1.0.1:
  version "1.0.1"
  resolved "https://registry.npmjs.org/is-date-object/-/is-date-object-1.0.1.tgz#9aa20eb6aeebbff77fbd33e74ca01b33581d3a16"

is-regex@^1.0.4:
  version "1.0.4"
  resolved "https://registry.npmjs.org/is-regex/-/is-regex-1.0.4.tgz#5517489b547091b0930e095654ced25ee97e9491"
  dependencies:
    has "^1.0.1"

is-symbol@^1.0.2:
  version "1.0.2"
  resolved "https://registry.npmjs.org/is-symbol/-/is-symbol-1.0.2.tgz#a055f6ae57192caee329e7a860118b497a950f38"
  dependencies:
    has-symbols "^1.0.0"

iterall@^1.1.3, iterall@^1.2.1, iterall@^1.2.2:
  version "1.2.2"
  resolved "https://registry.npmjs.org/iterall/-/iterall-1.2.2.tgz#92d70deb8028e0c39ff3164fdbf4d8b088130cd7"

lodash.get@^4.4.2:
  version "4.4.2"
  resolved "https://registry.npmjs.org/lodash.get/-/lodash.get-4.4.2.tgz#2d177f652fa31e939b4438d5341499dfa3825e99"

lodash.sortby@^4.7.0:
  version "4.7.0"
  resolved "https://registry.npmjs.org/lodash.sortby/-/lodash.sortby-4.7.0.tgz#edd14c824e2cc9c1e0b0a1b42bb5210516a42438"

long@^4.0.0:
  version "4.0.0"
  resolved "https://registry.npmjs.org/long/-/long-4.0.0.tgz#9a7b71cfb7d361a194ea555241c92f7468d5bf28"

lru-cache@^5.0.0:
  version "5.1.1"
  resolved "https://registry.npmjs.org/lru-cache/-/lru-cache-5.1.1.tgz#1da27e6710271947695daf6848e847f01d84b920"
  dependencies:
    yallist "^3.0.2"

make-error@^1.1.1:
  version "1.3.5"
  resolved "https://registry.npmjs.org/make-error/-/make-error-1.3.5.tgz#efe4e81f6db28cadd605c70f29c831b58ef776c8"

media-typer@0.3.0:
  version "0.3.0"
  resolved "https://registry.npmjs.org/media-typer/-/media-typer-0.3.0.tgz#8710d7af0aa626f8fffa1ce00168545263255748"

merge-descriptors@1.0.1:
  version "1.0.1"
  resolved "https://registry.npmjs.org/merge-descriptors/-/merge-descriptors-1.0.1.tgz#b00aaa556dd8b44568150ec9d1b953f3f90cbb61"

methods@~1.1.2:
  version "1.1.2"
  resolved "https://registry.npmjs.org/methods/-/methods-1.1.2.tgz#5529a4d67654134edcc5266656835b0f851afcee"

mime-db@1.40.0:
  version "1.40.0"
  resolved "https://registry.npmjs.org/mime-db/-/mime-db-1.40.0.tgz#a65057e998db090f732a68f6c276d387d4126c32"

mime-types@~2.1.24:
  version "2.1.24"
  resolved "https://registry.npmjs.org/mime-types/-/mime-types-2.1.24.tgz#b6f8d0b3e951efb77dedeca194cff6d16f676f81"
  dependencies:
    mime-db "1.40.0"

mime@1.6.0:
  version "1.6.0"
  resolved "https://registry.npmjs.org/mime/-/mime-1.6.0.tgz#32cd9e5c64553bd58d19a568af452acff04981b1"

minimatch@^3.0.4:
  version "3.0.4"
  resolved "https://registry.npmjs.org/minimatch/-/minimatch-3.0.4.tgz#5166e286457f03306064be5497e8dbb0c3d32083"
  dependencies:
    brace-expansion "^1.1.7"

ms@2.0.0:
  version "2.0.0"
  resolved "https://registry.npmjs.org/ms/-/ms-2.0.0.tgz#5608aeadfc00be6c2901df5f9861788de0d597c8"

ms@2.1.1:
  version "2.1.1"
  resolved "https://registry.npmjs.org/ms/-/ms-2.1.1.tgz#30a5864eb3ebb0a66f2ebe6d727af06a09d86e0a"

negotiator@0.6.2:
  version "0.6.2"
  resolved "https://registry.npmjs.org/negotiator/-/negotiator-0.6.2.tgz#feacf7ccf525a77ae9634436a64883ffeca346fb"

node-fetch@^2.1.2, node-fetch@^2.2.0:
  version "2.6.0"
  resolved "https://registry.npmjs.org/node-fetch/-/node-fetch-2.6.0.tgz#e633456386d4aa55863f676a7ab0daa8fdecb0fd"

object-assign@^4:
  version "4.1.1"
  resolved "https://registry.npmjs.org/object-assign/-/object-assign-4.1.1.tgz#2109adc7965887cfc05cbbd442cac8bfbb360863"

object-keys@^1.0.12:
  version "1.1.1"
  resolved "https://registry.npmjs.org/object-keys/-/object-keys-1.1.1.tgz#1c47f272df277f3b1daf061677d9c82e2322c60e"

object-path@^0.11.4:
  version "0.11.4"
  resolved "https://registry.npmjs.org/object-path/-/object-path-0.11.4.tgz#370ae752fbf37de3ea70a861c23bba8915691949"

object.getownpropertydescriptors@^2.0.3:
  version "2.0.3"
  resolved "https://registry.npmjs.org/object.getownpropertydescriptors/-/object.getownpropertydescriptors-2.0.3.tgz#8758c846f5b407adab0f236e0986f14b051caa16"
  dependencies:
    define-properties "^1.1.2"
    es-abstract "^1.5.1"

on-finished@~2.3.0:
  version "2.3.0"
  resolved "https://registry.npmjs.org/on-finished/-/on-finished-2.3.0.tgz#20f1336481b083cd75337992a16971aa2d906947"
  dependencies:
    ee-first "1.1.1"

once@^1.3.0:
  version "1.4.0"
  resolved "https://registry.npmjs.org/once/-/once-1.4.0.tgz#583b1aa775961d4b113ac17d9c50baef9dd76bd1"
  dependencies:
    wrappy "1"

parseurl@~1.3.3:
  version "1.3.3"
  resolved "https://registry.npmjs.org/parseurl/-/parseurl-1.3.3.tgz#9da19e7bee8d12dff0513ed5b76957793bc2e8d4"

path-is-absolute@^1.0.0:
  version "1.0.1"
  resolved "https://registry.npmjs.org/path-is-absolute/-/path-is-absolute-1.0.1.tgz#174b9268735534ffbc7ace6bf53a5a9e1b5c5f5f"

path-to-regexp@0.1.7:
  version "0.1.7"
  resolved "https://registry.npmjs.org/path-to-regexp/-/path-to-regexp-0.1.7.tgz#df604178005f522f15eb4490e7247a1bfaa67f8c"

protobufjs@^6.8.6:
  version "6.8.8"
  resolved "https://registry.npmjs.org/protobufjs/-/protobufjs-6.8.8.tgz#c8b4f1282fd7a90e6f5b109ed11c84af82908e7c"
  dependencies:
    "@protobufjs/aspromise" "^1.1.2"
    "@protobufjs/base64" "^1.1.2"
    "@protobufjs/codegen" "^2.0.4"
    "@protobufjs/eventemitter" "^1.1.0"
    "@protobufjs/fetch" "^1.1.0"
    "@protobufjs/float" "^1.0.2"
    "@protobufjs/inquire" "^1.1.0"
    "@protobufjs/path" "^1.1.2"
    "@protobufjs/pool" "^1.1.0"
    "@protobufjs/utf8" "^1.1.0"
    "@types/long" "^4.0.0"
    "@types/node" "^10.1.0"
    long "^4.0.0"

proxy-addr@~2.0.5:
  version "2.0.5"
  resolved "https://registry.npmjs.org/proxy-addr/-/proxy-addr-2.0.5.tgz#34cbd64a2d81f4b1fd21e76f9f06c8a45299ee34"
  dependencies:
    forwarded "~0.1.2"
    ipaddr.js "1.9.0"

qs@6.7.0:
  version "6.7.0"
  resolved "https://registry.npmjs.org/qs/-/qs-6.7.0.tgz#41dc1a015e3d581f1621776be31afb2876a9b1bc"

range-parser@~1.2.1:
  version "1.2.1"
  resolved "https://registry.npmjs.org/range-parser/-/range-parser-1.2.1.tgz#3cf37023d199e1c24d1a55b84800c2f3e6468031"

raw-body@2.4.0:
  version "2.4.0"
  resolved "https://registry.npmjs.org/raw-body/-/raw-body-2.4.0.tgz#a1ce6fb9c9bc356ca52e89256ab59059e13d0332"
  dependencies:
    bytes "3.1.0"
    http-errors "1.7.2"
    iconv-lite "0.4.24"
    unpipe "1.0.0"

reflect-metadata@^0.1.13:
  version "0.1.13"
  resolved "https://registry.npmjs.org/reflect-metadata/-/reflect-metadata-0.1.13.tgz#67ae3ca57c972a2aa1642b10fe363fe32d49dc08"

retry@0.12.0:
  version "0.12.0"
  resolved "https://registry.npmjs.org/retry/-/retry-0.12.0.tgz#1b42a6266a21f07421d1b0b54b7dc167b01c013b"

safe-buffer@5.1.2, safe-buffer@^5.0.1:
  version "5.1.2"
  resolved "https://registry.npmjs.org/safe-buffer/-/safe-buffer-5.1.2.tgz#991ec69d296e0313747d59bdfd2b745c35f8828d"

"safer-buffer@>= 2.1.2 < 3":
  version "2.1.2"
  resolved "https://registry.npmjs.org/safer-buffer/-/safer-buffer-2.1.2.tgz#44fa161b0187b9549dd84bb91802f9bd8385cd6a"

semver@^6.0.0:
  version "6.1.0"
  resolved "https://registry.npmjs.org/semver/-/semver-6.1.0.tgz#e95dc415d45ecf03f2f9f83b264a6b11f49c0cca"

send@0.17.1:
  version "0.17.1"
  resolved "https://registry.npmjs.org/send/-/send-0.17.1.tgz#c1d8b059f7900f7466dd4938bdc44e11ddb376c8"
  dependencies:
    debug "2.6.9"
    depd "~1.1.2"
    destroy "~1.0.4"
    encodeurl "~1.0.2"
    escape-html "~1.0.3"
    etag "~1.8.1"
    fresh "0.5.2"
    http-errors "~1.7.2"
    mime "1.6.0"
    ms "2.1.1"
    on-finished "~2.3.0"
    range-parser "~1.2.1"
    statuses "~1.5.0"

serve-static@1.14.1:
  version "1.14.1"
  resolved "https://registry.npmjs.org/serve-static/-/serve-static-1.14.1.tgz#666e636dc4f010f7ef29970a88a674320898b2f9"
  dependencies:
    encodeurl "~1.0.2"
    escape-html "~1.0.3"
    parseurl "~1.3.3"
    send "0.17.1"

setprototypeof@1.1.1:
  version "1.1.1"
  resolved "https://registry.npmjs.org/setprototypeof/-/setprototypeof-1.1.1.tgz#7e95acb24aa92f5885e0abef5ba131330d4ae683"

sha.js@^2.4.11:
  version "2.4.11"
  resolved "https://registry.npmjs.org/sha.js/-/sha.js-2.4.11.tgz#37a5cf0b81ecbc6943de109ba2960d1b26584ae7"
  dependencies:
    inherits "^2.0.1"
    safe-buffer "^5.0.1"

source-map-support@^0.5.6:
  version "0.5.12"
  resolved "https://registry.npmjs.org/source-map-support/-/source-map-support-0.5.12.tgz#b4f3b10d51857a5af0138d3ce8003b201613d599"
  dependencies:
    buffer-from "^1.0.0"
    source-map "^0.6.0"

source-map@^0.6.0:
  version "0.6.1"
  resolved "https://registry.npmjs.org/source-map/-/source-map-0.6.1.tgz#74722af32e9614e9c287a8d0bbde48b5e2f1a263"

"statuses@>= 1.5.0 < 2", statuses@~1.5.0:
  version "1.5.0"
  resolved "https://registry.npmjs.org/statuses/-/statuses-1.5.0.tgz#161c7dac177659fd9811f43771fa99381478628c"

streamsearch@0.1.2:
  version "0.1.2"
  resolved "https://registry.npmjs.org/streamsearch/-/streamsearch-0.1.2.tgz#808b9d0e56fc273d809ba57338e929919a1a9f1a"

subscriptions-transport-ws@^0.9.11:
  version "0.9.16"
  resolved "https://registry.npmjs.org/subscriptions-transport-ws/-/subscriptions-transport-ws-0.9.16.tgz#90a422f0771d9c32069294c08608af2d47f596ec"
  dependencies:
    backo2 "^1.0.2"
    eventemitter3 "^3.1.0"
    iterall "^1.2.1"
    symbol-observable "^1.0.4"
    ws "^5.2.0"

symbol-observable@^1.0.4:
  version "1.2.0"
  resolved "https://registry.npmjs.org/symbol-observable/-/symbol-observable-1.2.0.tgz#c22688aed4eab3cdc2dfeacbb561660560a00804"

toidentifier@1.0.0:
  version "1.0.0"
  resolved "https://registry.npmjs.org/toidentifier/-/toidentifier-1.0.0.tgz#7e1be3470f1e77948bc43d94a3c8f4d7752ba553"

ts-invariant@^0.3.2:
  version "0.3.3"
  resolved "https://registry.npmjs.org/ts-invariant/-/ts-invariant-0.3.3.tgz#b5742b1885ecf9e29c31a750307480f045ec0b16"
  dependencies:
    tslib "^1.9.3"

ts-invariant@^0.4.0:
  version "0.4.2"
  resolved "https://registry.npmjs.org/ts-invariant/-/ts-invariant-0.4.2.tgz#8685131b8083e67c66d602540e78763408be9113"
  dependencies:
    tslib "^1.9.3"

ts-node@^8.1.0:
  version "8.1.0"
  resolved "https://registry.npmjs.org/ts-node/-/ts-node-8.1.0.tgz#8c4b37036abd448577db22a061fd7a67d47e658e"
  dependencies:
    arg "^4.1.0"
    diff "^3.1.0"
    make-error "^1.1.1"
    source-map-support "^0.5.6"
    yn "^3.0.0"

tslib@^1.9.3:
  version "1.9.3"
  resolved "https://registry.npmjs.org/tslib/-/tslib-1.9.3.tgz#d7e4dd79245d85428c4d7e4822a79917954ca286"

type-graphql@^0.17.4:
  version "0.17.4"
  resolved "https://registry.npmjs.org/type-graphql/-/type-graphql-0.17.4.tgz#b99a11e8814e2158c11a8149871d09b97895e01d"
  dependencies:
    "@types/glob" "^7.1.1"
    "@types/node" "^11.13.7"
    "@types/semver" "^6.0.0"
    class-validator ">=0.9.1"
    glob "^7.1.3"
    graphql-query-complexity "^0.2.3"
    graphql-subscriptions "^1.1.0"
    semver "^6.0.0"
    tslib "^1.9.3"

type-is@^1.6.16, type-is@~1.6.17, type-is@~1.6.18:
  version "1.6.18"
  resolved "https://registry.npmjs.org/type-is/-/type-is-1.6.18.tgz#4e552cd05df09467dcbc4ef739de89f2cf37c131"
  dependencies:
    media-typer "0.3.0"
    mime-types "~2.1.24"

typescript@^3.4.5:
  version "3.4.5"
  resolved "https://registry.npmjs.org/typescript/-/typescript-3.4.5.tgz#2d2618d10bb566572b8d7aad5180d84257d70a99"

unpipe@1.0.0, unpipe@~1.0.0:
  version "1.0.0"
  resolved "https://registry.npmjs.org/unpipe/-/unpipe-1.0.0.tgz#b2bf4ee8514aae6165b4817829d21b2ef49904ec"

util.promisify@^1.0.0:
  version "1.0.0"
  resolved "https://registry.npmjs.org/util.promisify/-/util.promisify-1.0.0.tgz#440f7165a459c9a16dc145eb8e72f35687097030"
  dependencies:
    define-properties "^1.1.2"
    object.getownpropertydescriptors "^2.0.3"

utils-merge@1.0.1:
  version "1.0.1"
  resolved "https://registry.npmjs.org/utils-merge/-/utils-merge-1.0.1.tgz#9f95710f50a267947b2ccc124741c1028427e713"

uuid@^3.1.0:
  version "3.3.2"
  resolved "https://registry.npmjs.org/uuid/-/uuid-3.3.2.tgz#1b4af4955eb3077c501c23872fc6513811587131"

validator@10.4.0:
  version "10.4.0"
  resolved "https://registry.npmjs.org/validator/-/validator-10.4.0.tgz#ee99a44afb3bb5ed350a159f056ca72a204cfc3c"

vary@^1, vary@~1.1.2:
  version "1.1.2"
  resolved "https://registry.npmjs.org/vary/-/vary-1.1.2.tgz#2299f02c6ded30d4a5961b0b9f74524a18f634fc"

wrappy@1:
  version "1.0.2"
  resolved "https://registry.npmjs.org/wrappy/-/wrappy-1.0.2.tgz#b5243d8f3ec1aa35f1364605bc0d1036e30ab69f"

ws@^5.2.0:
  version "5.2.2"
  resolved "https://registry.npmjs.org/ws/-/ws-5.2.2.tgz#dffef14866b8e8dc9133582514d1befaf96e980f"
  dependencies:
    async-limiter "~1.0.0"

ws@^6.0.0:
  version "6.2.1"
  resolved "https://registry.npmjs.org/ws/-/ws-6.2.1.tgz#442fdf0a47ed64f59b6a5d8ff130f4748ed524fb"
  dependencies:
    async-limiter "~1.0.0"

yallist@^3.0.2:
  version "3.0.3"
  resolved "https://registry.npmjs.org/yallist/-/yallist-3.0.3.tgz#b4b049e314be545e3ce802236d6cd22cd91c3de9"

yn@^3.0.0:
  version "3.1.0"
  resolved "https://registry.npmjs.org/yn/-/yn-3.1.0.tgz#fcbe2db63610361afcc5eb9e0ac91e976d046114"

zen-observable-ts@^0.8.18:
  version "0.8.18"
  resolved "https://registry.npmjs.org/zen-observable-ts/-/zen-observable-ts-0.8.18.tgz#ade44b1060cc4a800627856ec10b9c67f5f639c8"
  dependencies:
    tslib "^1.9.3"
    zen-observable "^0.8.0"

zen-observable@^0.8.0:
  version "0.8.14"
  resolved "https://registry.npmjs.org/zen-observable/-/zen-observable-0.8.14.tgz#d33058359d335bc0db1f0af66158b32872af3bf7"
